
Microsoft Visual Studio Solution File, Format Version 12.00
# Visual Studio Version 17
VisualStudioVersion = 17.8.34330.188
MinimumVisualStudioVersion = 10.0.40219.1
Project("{9A19103F-16F7-4668-BE54-9A1E7A4F7556}") = "LibraryApp", "LibraryApp\LibraryApp.csproj", "{90BF9BC0-FA3F-46EB-9004-5FE5A4FE7586}"
EndProject
Project("{FAE04EC0-301F-11D3-BF4B-00C04F79EFBC}") = "LibraryApp.Tests", "LibraryApp.Tests\LibraryApp.Tests.csproj", "{40FDC4FE-EA4A-4E74-804D-3B64922E48D7}"
EndProject
Global
	GlobalSection(SolutionConfigurationPlatforms) = preSolution
		Debug|Any CPU = Debug|Any CPU
		Release|Any CPU = Release|Any CPU
	EndGlobalSection
	GlobalSection(ProjectConfigurationPlatforms) = postSolution
		{90BF9BC0-FA3F-46EB-9004-5FE5A4FE7586}.Debug|Any CPU.ActiveCfg = Debug|Any CPU
		{90BF9BC0-FA3F-46EB-9004-5FE5A4FE7586}.Debug|Any CPU.Build.0 = Debug|Any CPU
		{90BF9BC0-FA3F-46EB-9004-5FE5A4FE7586}.Release|Any CPU.ActiveCfg = Release|Any CPU
		{90BF9BC0-FA3F-46EB-9004-5FE5A4FE7586}.Release|Any CPU.Build.0 = Release|Any CPU
		{40FDC4FE-EA4A-4E74-804D-3B64922E48D7}.Debug|Any CPU.ActiveCfg = Debug|Any CPU
		{40FDC4FE-EA4A-4E74-804D-3B64922E48D7}.Debug|Any CPU.Build.0 = Debug|Any CPU
		{40FDC4FE-EA4A-4E74-804D-3B64922E48D7}.Release|Any CPU.ActiveCfg = Release|Any CPU
		{40FDC4FE-EA4A-4E74-804D-3B64922E48D7}.Release|Any CPU.Build.0 = Release|Any CPU
	EndGlobalSection
	GlobalSection(SolutionProperties) = preSolution
		HideSolutionNode = FALSE
	EndGlobalSection
	GlobalSection(ExtensibilityGlobals) = postSolution
		SolutionGuid = {F08E248E-B723-444D-BA39-91A4649CF56A}
	EndGlobalSection
EndGlobal
